
Microsoft Visual Studio Solution File, Format Version 12.00
# Visual Studio Version 16
VisualStudioVersion = 16.0.32228.343
MinimumVisualStudioVersion = 10.0.40219.1
Project("{FAE04EC0-301F-11D3-BF4B-00C04F79EFBC}") = "Presentacion", "Presentacion\Presentacion.csproj", "{4D54503E-523F-4AEE-9E2D-A270A5261EA4}"
EndProject
Project("{FAE04EC0-301F-11D3-BF4B-00C04F79EFBC}") = "WeatherConcurrencyApp.Common", "WeatherConcurrencyApp.Common\WeatherConcurrencyApp.Common.csproj", "{61013604-D307-4252-957F-31766ADC0991}"
EndProject
Project("{FAE04EC0-301F-11D3-BF4B-00C04F79EFBC}") = "WeatherConcurrencyApp.Infraestructura", "WeatherConcurrencyApp.Infraestructura\WeatherConcurrencyApp.Infraestructura.csproj", "{1EBBAD4A-EF12-4DF7-A4E9-939A524FFA6E}"
EndProject
Project("{FAE04EC0-301F-11D3-BF4B-00C04F79EFBC}") = "WeatherConcurrencyApp.Domain", "WeatherConcurrencyApp.Domain\WeatherConcurrencyApp.Domain.csproj", "{49F19B49-4F97-4E33-94A0-5B14099855AE}"
EndProject
Project("{FAE04EC0-301F-11D3-BF4B-00C04F79EFBC}") = "WeatherConcurremcyApp.AppCore", "WeatherConcurremcyApp.AppCore\WeatherConcurremcyApp.AppCore.csproj", "{216BD6BE-EB62-4C40-870C-ED1289060367}"
EndProject
Global
	GlobalSection(SolutionConfigurationPlatforms) = preSolution
		Debug|Any CPU = Debug|Any CPU
		Release|Any CPU = Release|Any CPU
	EndGlobalSection
	GlobalSection(ProjectConfigurationPlatforms) = postSolution
		{4D54503E-523F-4AEE-9E2D-A270A5261EA4}.Debug|Any CPU.ActiveCfg = Debug|Any CPU
		{4D54503E-523F-4AEE-9E2D-A270A5261EA4}.Debug|Any CPU.Build.0 = Debug|Any CPU
		{4D54503E-523F-4AEE-9E2D-A270A5261EA4}.Release|Any CPU.ActiveCfg = Release|Any CPU
		{4D54503E-523F-4AEE-9E2D-A270A5261EA4}.Release|Any CPU.Build.0 = Release|Any CPU
		{61013604-D307-4252-957F-31766ADC0991}.Debug|Any CPU.ActiveCfg = Debug|Any CPU
		{61013604-D307-4252-957F-31766ADC0991}.Debug|Any CPU.Build.0 = Debug|Any CPU
		{61013604-D307-4252-957F-31766ADC0991}.Release|Any CPU.ActiveCfg = Release|Any CPU
		{61013604-D307-4252-957F-31766ADC0991}.Release|Any CPU.Build.0 = Release|Any CPU
		{1EBBAD4A-EF12-4DF7-A4E9-939A524FFA6E}.Debug|Any CPU.ActiveCfg = Debug|Any CPU
		{1EBBAD4A-EF12-4DF7-A4E9-939A524FFA6E}.Debug|Any CPU.Build.0 = Debug|Any CPU
		{1EBBAD4A-EF12-4DF7-A4E9-939A524FFA6E}.Release|Any CPU.ActiveCfg = Release|Any CPU
		{1EBBAD4A-EF12-4DF7-A4E9-939A524FFA6E}.Release|Any CPU.Build.0 = Release|Any CPU
		{49F19B49-4F97-4E33-94A0-5B14099855AE}.Debug|Any CPU.ActiveCfg = Debug|Any CPU
		{49F19B49-4F97-4E33-94A0-5B14099855AE}.Debug|Any CPU.Build.0 = Debug|Any CPU
		{49F19B49-4F97-4E33-94A0-5B14099855AE}.Release|Any CPU.ActiveCfg = Release|Any CPU
		{49F19B49-4F97-4E33-94A0-5B14099855AE}.Release|Any CPU.Build.0 = Release|Any CPU
		{216BD6BE-EB62-4C40-870C-ED1289060367}.Debug|Any CPU.ActiveCfg = Debug|Any CPU
		{216BD6BE-EB62-4C40-870C-ED1289060367}.Debug|Any CPU.Build.0 = Debug|Any CPU
		{216BD6BE-EB62-4C40-870C-ED1289060367}.Release|Any CPU.ActiveCfg = Release|Any CPU
		{216BD6BE-EB62-4C40-870C-ED1289060367}.Release|Any CPU.Build.0 = Release|Any CPU
	EndGlobalSection
	GlobalSection(SolutionProperties) = preSolution
		HideSolutionNode = FALSE
	EndGlobalSection
	GlobalSection(ExtensibilityGlobals) = postSolution
		SolutionGuid = {37273E74-1182-4314-A01E-CACDD6785ED0}
	EndGlobalSection
EndGlobal
